// !$*UTF8*$!
{
	archiveVersion = 1;
	classes = {
	};
	objectVersion = 56;
	objects = {

/* Begin PBXBuildFile section */
		BEB1AB362E65BEBE00A9BB87 /* AppDelegate.swift in Sources */ = {isa = PBXBuildFile; fileRef = BEB1AB352E65BEBE00A9BB87 /* AppDelegate.swift */; };
		BEB1AB382E65BEBE00A9BB87 /* SceneDelegate.swift in Sources */ = {isa = PBXBuildFile; fileRef = BEB1AB372E65BEBE00A9BB87 /* SceneDelegate.swift */; };
		BEB1AB3A2E65BEBE00A9BB87 /* ViewController.swift in Sources */ = {isa = PBXBuildFile; fileRef = BEB1AB392E65BEBE00A9BB87 /* ViewController.swift */; };
		BEB1AB3D2E65BEBE00A9BB87 /* Base in Resources */ = {isa = PBXBuildFile; fileRef = BEB1AB3C2E65BEBE00A9BB87 /* Base */; };
		BEB1AB3F2E65BEC100A9BB87 /* Assets.xcassets in Resources */ = {isa = PBXBuildFile; fileRef = BEB1AB3E2E65BEC100A9BB87 /* Assets.xcassets */; };
		BEB1AB422E65BEC100A9BB87 /* Base in Resources */ = {isa = PBXBuildFile; fileRef = BEB1AB412E65BEC100A9BB87 /* Base */; };
		BEB1AB4D2E65BEC100A9BB87 /* iOSAssignmentTests.swift in Sources */ = {isa = PBXBuildFile; fileRef = BEB1AB4C2E65BEC100A9BB87 /* iOSAssignmentTests.swift */; };
		BEB1AB572E65BEC100A9BB87 /* iOSAssignmentUITests.swift in Sources */ = {isa = PBXBuildFile; fileRef = BEB1AB562E65BEC100A9BB87 /* iOSAssignmentUITests.swift */; };
		BEB1AB592E65BEC100A9BB87 /* iOSAssignmentUITestsLaunchTests.swift in Sources */ = {isa = PBXBuildFile; fileRef = BEB1AB582E65BEC100A9BB87 /* iOSAssignmentUITestsLaunchTests.swift */; };
/* End PBXBuildFile section */

/* Begin PBXContainerItemProxy section */
		BEB1AB492E65BEC100A9BB87 /* PBXContainerItemProxy */ = {
			isa = PBXContainerItemProxy;
			containerPortal = BEB1AB2A2E65BEBE00A9BB87 /* Project object */;
			proxyType = 1;
			remoteGlobalIDString = BEB1AB312E65BEBE00A9BB87;
			remoteInfo = iOSAssignment;
		};
		BEB1AB532E65BEC100A9BB87 /* PBXContainerItemProxy */ = {
			isa = PBXContainerItemProxy;
			containerPortal = BEB1AB2A2E65BEBE00A9BB87 /* Project object */;
			proxyType = 1;
			remoteGlobalIDString = BEB1AB312E65BEBE00A9BB87;
			remoteInfo = iOSAssignment;
		};
/* End PBXContainerItemProxy section */

/* Begin PBXFileReference section */
		BEB1AB322E65BEBE00A9BB87 /* iOSAssignment.app */ = {isa = PBXFileReference; explicitFileType = wrapper.application; includeInIndex = 0; path = iOSAssignment.app; sourceTree = BUILT_PRODUCTS_DIR; };
		BEB1AB352E65BEBE00A9BB87 /* AppDelegate.swift */ = {isa = PBXFileReference; lastKnownFileType = sourcecode.swift; path = AppDelegate.swift; sourceTree = "<group>"; };
		BEB1AB372E65BEBE00A9BB87 /* SceneDelegate.swift */ = {isa = PBXFileReference; lastKnownFileType = sourcecode.swift; path = SceneDelegate.swift; sourceTree = "<group>"; };
		BEB1AB392E65BEBE00A9BB87 /* ViewController.swift */ = {isa = PBXFileReference; lastKnownFileType = sourcecode.swift; path = ViewController.swift; sourceTree = "<group>"; };
		BEB1AB3C2E65BEBE00A9BB87 /* Base */ = {isa = PBXFileReference; lastKnownFileType = file.storyboard; name = Base; path = Base.lproj/Main.storyboard; sourceTree = "<group>"; };
		BEB1AB3E2E65BEC100A9BB87 /* Assets.xcassets */ = {isa = PBXFileReference; lastKnownFileType = folder.assetcatalog; path = Assets.xcassets; sourceTree = "<group>"; };
		BEB1AB412E65BEC100A9BB87 /* Base */ = {isa = PBXFileReference; lastKnownFileType = file.storyboard; name = Base; path = Base.lproj/LaunchScreen.storyboard; sourceTree = "<group>"; };
		BEB1AB432E65BEC100A9BB87 /* Info.plist */ = {isa = PBXFileReference; lastKnownFileType = text.plist.xml; path = Info.plist; sourceTree = "<group>"; };
		BEB1AB482E65BEC100A9BB87 /* iOSAssignmentTests.xctest */ = {isa = PBXFileReference; explicitFileType = wrapper.cfbundle; includeInIndex = 0; path = iOSAssignmentTests.xctest; sourceTree = BUILT_PRODUCTS_DIR; };
		BEB1AB4C2E65BEC100A9BB87 /* iOSAssignmentTests.swift */ = {isa = PBXFileReference; lastKnownFileType = sourcecode.swift; path = iOSAssignmentTests.swift; sourceTree = "<group>"; };
		BEB1AB522E65BEC100A9BB87 /* iOSAssignmentUITests.xctest */ = {isa = PBXFileReference; explicitFileType = wrapper.cfbundle; includeInIndex = 0; path = iOSAssignmentUITests.xctest; sourceTree = BUILT_PRODUCTS_DIR; };
		BEB1AB562E65BEC100A9BB87 /* iOSAssignmentUITests.swift */ = {isa = PBXFileReference; lastKnownFileType = sourcecode.swift; path = iOSAssignmentUITests.swift; sourceTree = "<group>"; };
		BEB1AB582E65BEC100A9BB87 /* iOSAssignmentUITestsLaunchTests.swift */ = {isa = PBXFileReference; lastKnownFileType = sourcecode.swift; path = iOSAssignmentUITestsLaunchTests.swift; sourceTree = "<group>"; };
/* End PBXFileReference section */

/* Begin PBXFrameworksBuildPhase section */
		BEB1AB2F2E65BEBE00A9BB87 /* Frameworks */ = {
			isa = PBXFrameworksBuildPhase;
			buildActionMask = 2147483647;
			files = (
			);
			runOnlyForDeploymentPostprocessing = 0;
		};
		BEB1AB452E65BEC100A9BB87 /* Frameworks */ = {
			isa = PBXFrameworksBuildPhase;
			buildActionMask = 2147483647;
			files = (
			);
			runOnlyForDeploymentPostprocessing = 0;
		};
		BEB1AB4F2E65BEC100A9BB87 /* Frameworks */ = {
			isa = PBXFrameworksBuildPhase;
			buildActionMask = 2147483647;
			files = (
			);
			runOnlyForDeploymentPostprocessing = 0;
		};
/* End PBXFrameworksBuildPhase section */

/* Begin PBXGroup section */
		BEB1AB292E65BEBE00A9BB87 = {
			isa = PBXGroup;
			children = (
				BEB1AB342E65BEBE00A9BB87 /* iOSAssignment */,
				BEB1AB4B2E65BEC100A9BB87 /* iOSAssignmentTests */,
				BEB1AB552E65BEC100A9BB87 /* iOSAssignmentUITests */,
				BEB1AB332E65BEBE00A9BB87 /* Products */,
			);
			sourceTree = "<group>";
		};
		BEB1AB332E65BEBE00A9BB87 /* Products */ = {
			isa = PBXGroup;
			children = (
				BEB1AB322E65BEBE00A9BB87 /* iOSAssignment.app */,
				BEB1AB482E65BEC100A9BB87 /* iOSAssignmentTests.xctest */,
				BEB1AB522E65BEC100A9BB87 /* iOSAssignmentUITests.xctest */,
			);
			name = Products;
			sourceTree = "<group>";
		};
		BEB1AB342E65BEBE00A9BB87 /* iOSAssignment */ = {
			isa = PBXGroup;
			children = (
				BEB1AB352E65BEBE00A9BB87 /* AppDelegate.swift */,
				BEB1AB372E65BEBE00A9BB87 /* SceneDelegate.swift */,
				BEB1AB392E65BEBE00A9BB87 /* ViewController.swift */,
				BEB1AB3B2E65BEBE00A9BB87 /* Main.storyboard */,
				BEB1AB3E2E65BEC100A9BB87 /* Assets.xcassets */,
				BEB1AB402E65BEC100A9BB87 /* LaunchScreen.storyboard */,
				BEB1AB432E65BEC100A9BB87 /* Info.plist */,
			);
			path = iOSAssignment;
			sourceTree = "<group>";
		};
		BEB1AB4B2E65BEC100A9BB87 /* iOSAssignmentTests */ = {
			isa = PBXGroup;
			children = (
				BEB1AB4C2E65BEC100A9BB87 /* iOSAssignmentTests.swift */,
			);
			path = iOSAssignmentTests;
			sourceTree = "<group>";
		};
		BEB1AB552E65BEC100A9BB87 /* iOSAssignmentUITests */ = {
			isa = PBXGroup;
			children = (
				BEB1AB562E65BEC100A9BB87 /* iOSAssignmentUITests.swift */,
				BEB1AB582E65BEC100A9BB87 /* iOSAssignmentUITestsLaunchTests.swift */,
			);
			path = iOSAssignmentUITests;
			sourceTree = "<group>";
		};
/* End PBXGroup section */

/* Begin PBXNativeTarget section */
		BEB1AB312E65BEBE00A9BB87 /* iOSAssignment */ = {
			isa = PBXNativeTarget;
			buildConfigurationList = BEB1AB5C2E65BEC100A9BB87 /* Build configuration list for PBXNativeTarget "iOSAssignment" */;
			buildPhases = (
				BEB1AB2E2E65BEBE00A9BB87 /* Sources */,
				BEB1AB2F2E65BEBE00A9BB87 /* Frameworks */,
				BEB1AB302E65BEBE00A9BB87 /* Resources */,
			);
			buildRules = (
			);
			dependencies = (
			);
			name = iOSAssignment;
			productName = iOSAssignment;
			productReference = BEB1AB322E65BEBE00A9BB87 /* iOSAssignment.app */;
			productType = "com.apple.product-type.application";
		};
		BEB1AB472E65BEC100A9BB87 /* iOSAssignmentTests */ = {
			isa = PBXNativeTarget;
			buildConfigurationList = BEB1AB5F2E65BEC100A9BB87 /* Build configuration list for PBXNativeTarget "iOSAssignmentTests" */;
			buildPhases = (
				BEB1AB442E65BEC100A9BB87 /* Sources */,
				BEB1AB452E65BEC100A9BB87 /* Frameworks */,
				BEB1AB462E65BEC100A9BB87 /* Resources */,
			);
			buildRules = (
			);
			dependencies = (
				BEB1AB4A2E65BEC100A9BB87 /* PBXTargetDependency */,
			);
			name = iOSAssignmentTests;
			productName = iOSAssignmentTests;
			productReference = BEB1AB482E65BEC100A9BB87 /* iOSAssignmentTests.xctest */;
			productType = "com.apple.product-type.bundle.unit-test";
		};
		BEB1AB512E65BEC100A9BB87 /* iOSAssignmentUITests */ = {
			isa = PBXNativeTarget;
			buildConfigurationList = BEB1AB622E65BEC100A9BB87 /* Build configuration list for PBXNativeTarget "iOSAssignmentUITests" */;
			buildPhases = (
				BEB1AB4E2E65BEC100A9BB87 /* Sources */,
				BEB1AB4F2E65BEC100A9BB87 /* Frameworks */,
				BEB1AB502E65BEC100A9BB87 /* Resources */,
			);
			buildRules = (
			);
			dependencies = (
				BEB1AB542E65BEC100A9BB87 /* PBXTargetDependency */,
			);
			name = iOSAssignmentUITests;
			productName = iOSAssignmentUITests;
			productReference = BEB1AB522E65BEC100A9BB87 /* iOSAssignmentUITests.xctest */;
			productType = "com.apple.product-type.bundle.ui-testing";
		};
/* End PBXNativeTarget section */

/* Begin PBXProject section */
		BEB1AB2A2E65BEBE00A9BB87 /* Project object */ = {
			isa = PBXProject;
			attributes = {
				BuildIndependentTargetsInParallel = 1;
				LastSwiftUpdateCheck = 1540;
				LastUpgradeCheck = 1540;
				TargetAttributes = {
					BEB1AB312E65BEBE00A9BB87 = {
						CreatedOnToolsVersion = 15.4;
					};
					BEB1AB472E65BEC100A9BB87 = {
						CreatedOnToolsVersion = 15.4;
						TestTargetID = BEB1AB312E65BEBE00A9BB87;
					};
					BEB1AB512E65BEC100A9BB87 = {
						CreatedOnToolsVersion = 15.4;
						TestTargetID = BEB1AB312E65BEBE00A9BB87;
					};
				};
			};
			buildConfigurationList = BEB1AB2D2E65BEBE00A9BB87 /* Build configuration list for PBXProject "iOSAssignment" */;
			compatibilityVersion = "Xcode 14.0";
			developmentRegion = en;
			hasScannedForEncodings = 0;
			knownRegions = (
				en,
				Base,
			);
			mainGroup = BEB1AB292E65BEBE00A9BB87;
			productRefGroup = BEB1AB332E65BEBE00A9BB87 /* Products */;
			projectDirPath = "";
			projectRoot = "";
			targets = (
				BEB1AB312E65BEBE00A9BB87 /* iOSAssignment */,
				BEB1AB472E65BEC100A9BB87 /* iOSAssignmentTests */,
				BEB1AB512E65BEC100A9BB87 /* iOSAssignmentUITests */,
			);
		};
/* End PBXProject section */

/* Begin PBXResourcesBuildPhase section */
		BEB1AB302E65BEBE00A9BB87 /* Resources */ = {
			isa = PBXResourcesBuildPhase;
			buildActionMask = 2147483647;
			files = (
				BEB1AB3F2E65BEC100A9BB87 /* Assets.xcassets in Resources */,
				BEB1AB422E65BEC100A9BB87 /* Base in Resources */,
				BEB1AB3D2E65BEBE00A9BB87 /* Base in Resources */,
			);
			runOnlyForDeploymentPostprocessing = 0;
		};
		BEB1AB462E65BEC100A9BB87 /* Resources */ = {
			isa = PBXResourcesBuildPhase;
			buildActionMask = 2147483647;
			files = (
			);
			runOnlyForDeploymentPostprocessing = 0;
		};
		BEB1AB502E65BEC100A9BB87 /* Resources */ = {
			isa = PBXResourcesBuildPhase;
			buildActionMask = 2147483647;
			files = (
			);
			runOnlyForDeploymentPostprocessing = 0;
		};
/* End PBXResourcesBuildPhase section */

/* Begin PBXSourcesBuildPhase section */
		BEB1AB2E2E65BEBE00A9BB87 /* Sources */ = {
			isa = PBXSourcesBuildPhase;
			buildActionMask = 2147483647;
			files = (
				BEB1AB3A2E65BEBE00A9BB87 /* ViewController.swift in Sources */,
				BEB1AB362E65BEBE00A9BB87 /* AppDelegate.swift in Sources */,
				BEB1AB382E65BEBE00A9BB87 /* SceneDelegate.swift in Sources */,
			);
			runOnlyForDeploymentPostprocessing = 0;
		};
		BEB1AB442E65BEC100A9BB87 /* Sources */ = {
			isa = PBXSourcesBuildPhase;
			buildActionMask = 2147483647;
			files = (
				BEB1AB4D2E65BEC100A9BB87 /* iOSAssignmentTests.swift in Sources */,
			);
			runOnlyForDeploymentPostprocessing = 0;
		};
		BEB1AB4E2E65BEC100A9BB87 /* Sources */ = {
			isa = PBXSourcesBuildPhase;
			buildActionMask = 2147483647;
			files = (
				BEB1AB572E65BEC100A9BB87 /* iOSAssignmentUITests.swift in Sources */,
				BEB1AB592E65BEC100A9BB87 /* iOSAssignmentUITestsLaunchTests.swift in Sources */,
			);
			runOnlyForDeploymentPostprocessing = 0;
		};
/* End PBXSourcesBuildPhase section */

/* Begin PBXTargetDependency section */
		BEB1AB4A2E65BEC100A9BB87 /* PBXTargetDependency */ = {
			isa = PBXTargetDependency;
			target = BEB1AB312E65BEBE00A9BB87 /* iOSAssignment */;
			targetProxy = BEB1AB492E65BEC100A9BB87 /* PBXContainerItemProxy */;
		};
		BEB1AB542E65BEC100A9BB87 /* PBXTargetDependency */ = {
			isa = PBXTargetDependency;
			target = BEB1AB312E65BEBE00A9BB87 /* iOSAssignment */;
			targetProxy = BEB1AB532E65BEC100A9BB87 /* PBXContainerItemProxy */;
		};
/* End PBXTargetDependency section */

/* Begin PBXVariantGroup section */
		BEB1AB3B2E65BEBE00A9BB87 /* Main.storyboard */ = {
			isa = PBXVariantGroup;
			children = (
				BEB1AB3C2E65BEBE00A9BB87 /* Base */,
			);
			name = Main.storyboard;
			sourceTree = "<group>";
		};
		BEB1AB402E65BEC100A9BB87 /* LaunchScreen.storyboard */ = {
			isa = PBXVariantGroup;
			children = (
				BEB1AB412E65BEC100A9BB87 /* Base */,
			);
			name = LaunchScreen.storyboard;
			sourceTree = "<group>";
		};
/* End PBXVariantGroup section */

/* Begin XCBuildConfiguration section */
		BEB1AB5A2E65BEC100A9BB87 /* Debug */ = {
			isa = XCBuildConfiguration;
			buildSettings = {
				ALWAYS_SEARCH_USER_PATHS = NO;
				ASSETCATALOG_COMPILER_GENERATE_SWIFT_ASSET_SYMBOL_EXTENSIONS = YES;
				CLANG_ANALYZER_NONNULL = YES;
				CLANG_ANALYZER_NUMBER_OBJECT_CONVERSION = YES_AGGRESSIVE;
				CLANG_CXX_LANGUAGE_STANDARD = "gnu++20";
				CLANG_ENABLE_MODULES = YES;
				CLANG_ENABLE_OBJC_ARC = YES;
				CLANG_ENABLE_OBJC_WEAK = YES;
				CLANG_WARN_BLOCK_CAPTURE_AUTORELEASING = YES;
				CLANG_WARN_BOOL_CONVERSION = YES;
				CLANG_WARN_COMMA = YES;
				CLANG_WARN_CONSTANT_CONVERSION = YES;
				CLANG_WARN_DEPRECATED_OBJC_IMPLEMENTATIONS = YES;
				CLANG_WARN_DIRECT_OBJC_ISA_USAGE = YES_ERROR;
				CLANG_WARN_DOCUMENTATION_COMMENTS = YES;
				CLANG_WARN_EMPTY_BODY = YES;
				CLANG_WARN_ENUM_CONVERSION = YES;
				CLANG_WARN_INFINITE_RECURSION = YES;
				CLANG_WARN_INT_CONVERSION = YES;
				CLANG_WARN_NON_LITERAL_NULL_CONVERSION = YES;
				CLANG_WARN_OBJC_IMPLICIT_RETAIN_SELF = YES;
				CLANG_WARN_OBJC_LITERAL_CONVERSION = YES;
				CLANG_WARN_OBJC_ROOT_CLASS = YES_ERROR;
				CLANG_WARN_QUOTED_INCLUDE_IN_FRAMEWORK_HEADER = YES;
				CLANG_WARN_RANGE_LOOP_ANALYSIS = YES;
				CLANG_WARN_STRICT_PROTOTYPES = YES;
				CLANG_WARN_SUSPICIOUS_MOVE = YES;
				CLANG_WARN_UNGUARDED_AVAILABILITY = YES_AGGRESSIVE;
				CLANG_WARN_UNREACHABLE_CODE = YES;
				CLANG_WARN__DUPLICATE_METHOD_MATCH = YES;
				COPY_PHASE_STRIP = NO;
				DEBUG_INFORMATION_FORMAT = dwarf;
				ENABLE_STRICT_OBJC_MSGSEND = YES;
				ENABLE_TESTABILITY = YES;
				ENABLE_USER_SCRIPT_SANDBOXING = YES;
				GCC_C_LANGUAGE_STANDARD = gnu17;
				GCC_DYNAMIC_NO_PIC = NO;
				GCC_NO_COMMON_BLOCKS = YES;
				GCC_OPTIMIZATION_LEVEL = 0;
				GCC_PREPROCESSOR_DEFINITIONS = (
					"DEBUG=1",
					"$(inherited)",
				);
				GCC_WARN_64_TO_32_BIT_CONVERSION = YES;
				GCC_WARN_ABOUT_RETURN_TYPE = YES_ERROR;
				GCC_WARN_UNDECLARED_SELECTOR = YES;
				GCC_WARN_UNINITIALIZED_AUTOS = YES_AGGRESSIVE;
				GCC_WARN_UNUSED_FUNCTION = YES;
				GCC_WARN_UNUSED_VARIABLE = YES;
				IPHONEOS_DEPLOYMENT_TARGET = 17.5;
				LOCALIZATION_PREFERS_STRING_CATALOGS = YES;
				MTL_ENABLE_DEBUG_INFO = INCLUDE_SOURCE;
				MTL_FAST_MATH = YES;
				ONLY_ACTIVE_ARCH = YES;
				SDKROOT = iphoneos;
				SWIFT_ACTIVE_COMPILATION_CONDITIONS = "DEBUG $(inherited)";
				SWIFT_OPTIMIZATION_LEVEL = "-Onone";
			};
			name = Debug;
		};
		BEB1AB5B2E65BEC100A9BB87 /* Release */ = {
			isa = XCBuildConfiguration;
			buildSettings = {
				ALWAYS_SEARCH_USER_PATHS = NO;
				ASSETCATALOG_COMPILER_GENERATE_SWIFT_ASSET_SYMBOL_EXTENSIONS = YES;
				CLANG_ANALYZER_NONNULL = YES;
				CLANG_ANALYZER_NUMBER_OBJECT_CONVERSION = YES_AGGRESSIVE;
				CLANG_CXX_LANGUAGE_STANDARD = "gnu++20";
				CLANG_ENABLE_MODULES = YES;
				CLANG_ENABLE_OBJC_ARC = YES;
				CLANG_ENABLE_OBJC_WEAK = YES;
				CLANG_WARN_BLOCK_CAPTURE_AUTORELEASING = YES;
				CLANG_WARN_BOOL_CONVERSION = YES;
				CLANG_WARN_COMMA = YES;
				CLANG_WARN_CONSTANT_CONVERSION = YES;
				CLANG_WARN_DEPRECATED_OBJC_IMPLEMENTATIONS = YES;
				CLANG_WARN_DIRECT_OBJC_ISA_USAGE = YES_ERROR;
				CLANG_WARN_DOCUMENTATION_COMMENTS = YES;
				CLANG_WARN_EMPTY_BODY = YES;
				CLANG_WARN_ENUM_CONVERSION = YES;
				CLANG_WARN_INFINITE_RECURSION = YES;
				CLANG_WARN_INT_CONVERSION = YES;
				CLANG_WARN_NON_LITERAL_NULL_CONVERSION = YES;
				CLANG_WARN_OBJC_IMPLICIT_RETAIN_SELF = YES;
				CLANG_WARN_OBJC_LITERAL_CONVERSION = YES;
				CLANG_WARN_OBJC_ROOT_CLASS = YES_ERROR;
				CLANG_WARN_QUOTED_INCLUDE_IN_FRAMEWORK_HEADER = YES;
				CLANG_WARN_RANGE_LOOP_ANALYSIS = YES;
				CLANG_WARN_STRICT_PROTOTYPES = YES;
				CLANG_WARN_SUSPICIOUS_MOVE = YES;
				CLANG_WARN_UNGUARDED_AVAILABILITY = YES_AGGRESSIVE;
				CLANG_WARN_UNREACHABLE_CODE = YES;
				CLANG_WARN__DUPLICATE_METHOD_MATCH = YES;
				COPY_PHASE_STRIP = NO;
				DEBUG_INFORMATION_FORMAT = "dwarf-with-dsym";
				ENABLE_NS_ASSERTIONS = NO;
				ENABLE_STRICT_OBJC_MSGSEND = YES;
				ENABLE_USER_SCRIPT_SANDBOXING = YES;
				GCC_C_LANGUAGE_STANDARD = gnu17;
				GCC_NO_COMMON_BLOCKS = YES;
				GCC_WARN_64_TO_32_BIT_CONVERSION = YES;
				GCC_WARN_ABOUT_RETURN_TYPE = YES_ERROR;
				GCC_WARN_UNDECLARED_SELECTOR = YES;
				GCC_WARN_UNINITIALIZED_AUTOS = YES_AGGRESSIVE;
				GCC_WARN_UNUSED_FUNCTION = YES;
				GCC_WARN_UNUSED_VARIABLE = YES;
				IPHONEOS_DEPLOYMENT_TARGET = 17.5;
				LOCALIZATION_PREFERS_STRING_CATALOGS = YES;
				MTL_ENABLE_DEBUG_INFO = NO;
				MTL_FAST_MATH = YES;
				SDKROOT = iphoneos;
				SWIFT_COMPILATION_MODE = wholemodule;
				VALIDATE_PRODUCT = YES;
			};
			name = Release;
		};
		BEB1AB5D2E65BEC100A9BB87 /* Debug */ = {
			isa = XCBuildConfiguration;
			buildSettings = {
				ASSETCATALOG_COMPILER_APPICON_NAME = AppIcon;
				ASSETCATALOG_COMPILER_GLOBAL_ACCENT_COLOR_NAME = AccentColor;
				CODE_SIGN_STYLE = Automatic;
				CURRENT_PROJECT_VERSION = 1;
				GENERATE_INFOPLIST_FILE = YES;
				INFOPLIST_FILE = iOSAssignment/Info.plist;
				INFOPLIST_KEY_UIApplicationSupportsIndirectInputEvents = YES;
				INFOPLIST_KEY_UILaunchStoryboardName = LaunchScreen;
				INFOPLIST_KEY_UIMainStoryboardFile = Main;
				INFOPLIST_KEY_UISupportedInterfaceOrientations_iPad = "UIInterfaceOrientationPortrait UIInterfaceOrientationPortraitUpsideDown UIInterfaceOrientationLandscapeLeft UIInterfaceOrientationLandscapeRight";
				INFOPLIST_KEY_UISupportedInterfaceOrientations_iPhone = "UIInterfaceOrientationPortrait UIInterfaceOrientationLandscapeLeft UIInterfaceOrientationLandscapeRight";
				LD_RUNPATH_SEARCH_PATHS = (
					"$(inherited)",
					"@executable_path/Frameworks",
				);
				MARKETING_VERSION = 1.0;
				PRODUCT_BUNDLE_IDENTIFIER = linga.iOSAssignment;
				PRODUCT_NAME = "$(TARGET_NAME)";
				SWIFT_EMIT_LOC_STRINGS = YES;
				SWIFT_VERSION = 5.0;
				TARGETED_DEVICE_FAMILY = "1,2";
			};
			name = Debug;
		};
		BEB1AB5E2E65BEC100A9BB87 /* Release */ = {
			isa = XCBuildConfiguration;
			buildSettings = {
				ASSETCATALOG_COMPILER_APPICON_NAME = AppIcon;
				ASSETCATALOG_COMPILER_GLOBAL_ACCENT_COLOR_NAME = AccentColor;
				CODE_SIGN_STYLE = Automatic;
				CURRENT_PROJECT_VERSION = 1;
				GENERATE_INFOPLIST_FILE = YES;
				INFOPLIST_FILE = iOSAssignment/Info.plist;
				INFOPLIST_KEY_UIApplicationSupportsIndirectInputEvents = YES;
				INFOPLIST_KEY_UILaunchStoryboardName = LaunchScreen;
				INFOPLIST_KEY_UIMainStoryboardFile = Main;
				INFOPLIST_KEY_UISupportedInterfaceOrientations_iPad = "UIInterfaceOrientationPortrait UIInterfaceOrientationPortraitUpsideDown UIInterfaceOrientationLandscapeLeft UIInterfaceOrientationLandscapeRight";
				INFOPLIST_KEY_UISupportedInterfaceOrientations_iPhone = "UIInterfaceOrientationPortrait UIInterfaceOrientationLandscapeLeft UIInterfaceOrientationLandscapeRight";
				LD_RUNPATH_SEARCH_PATHS = (
					"$(inherited)",
					"@executable_path/Frameworks",
				);
				MARKETING_VERSION = 1.0;
				PRODUCT_BUNDLE_IDENTIFIER = linga.iOSAssignment;
				PRODUCT_NAME = "$(TARGET_NAME)";
				SWIFT_EMIT_LOC_STRINGS = YES;
				SWIFT_VERSION = 5.0;
				TARGETED_DEVICE_FAMILY = "1,2";
			};
			name = Release;
		};
		BEB1AB602E65BEC100A9BB87 /* Debug */ = {
			isa = XCBuildConfiguration;
			buildSettings = {
				ALWAYS_EMBED_SWIFT_STANDARD_LIBRARIES = YES;
				BUNDLE_LOADER = "$(TEST_HOST)";
				CODE_SIGN_STYLE = Automatic;
				CURRENT_PROJECT_VERSION = 1;
				GENERATE_INFOPLIST_FILE = YES;
				IPHONEOS_DEPLOYMENT_TARGET = 17.5;
				MARKETING_VERSION = 1.0;
				PRODUCT_BUNDLE_IDENTIFIER = linga.iOSAssignmentTests;
				PRODUCT_NAME = "$(TARGET_NAME)";
				SWIFT_EMIT_LOC_STRINGS = NO;
				SWIFT_VERSION = 5.0;
				TARGETED_DEVICE_FAMILY = "1,2";
				TEST_HOST = "$(BUILT_PRODUCTS_DIR)/iOSAssignment.app/$(BUNDLE_EXECUTABLE_FOLDER_PATH)/iOSAssignment";
			};
			name = Debug;
		};
		BEB1AB612E65BEC100A9BB87 /* Release */ = {
			isa = XCBuildConfiguration;
			buildSettings = {
				ALWAYS_EMBED_SWIFT_STANDARD_LIBRARIES = YES;
				BUNDLE_LOADER = "$(TEST_HOST)";
				CODE_SIGN_STYLE = Automatic;
				CURRENT_PROJECT_VERSION = 1;
				GENERATE_INFOPLIST_FILE = YES;
				IPHONEOS_DEPLOYMENT_TARGET = 17.5;
				MARKETING_VERSION = 1.0;
				PRODUCT_BUNDLE_IDENTIFIER = linga.iOSAssignmentTests;
				PRODUCT_NAME = "$(TARGET_NAME)";
				SWIFT_EMIT_LOC_STRINGS = NO;
				SWIFT_VERSION = 5.0;
				TARGETED_DEVICE_FAMILY = "1,2";
				TEST_HOST = "$(BUILT_PRODUCTS_DIR)/iOSAssignment.app/$(BUNDLE_EXECUTABLE_FOLDER_PATH)/iOSAssignment";
			};
			name = Release;
		};
		BEB1AB632E65BEC100A9BB87 /* Debug */ = {
			isa = XCBuildConfiguration;
			buildSettings = {
				ALWAYS_EMBED_SWIFT_STANDARD_LIBRARIES = YES;
				CODE_SIGN_STYLE = Automatic;
				CURRENT_PROJECT_VERSION = 1;
				GENERATE_INFOPLIST_FILE = YES;
				MARKETING_VERSION = 1.0;
				PRODUCT_BUNDLE_IDENTIFIER = linga.iOSAssignmentUITests;
				PRODUCT_NAME = "$(TARGET_NAME)";
				SWIFT_EMIT_LOC_STRINGS = NO;
				SWIFT_VERSION = 5.0;
				TARGETED_DEVICE_FAMILY = "1,2";
				TEST_TARGET_NAME = iOSAssignment;
			};
			name = Debug;
		};
		BEB1AB642E65BEC100A9BB87 /* Release */ = {
			isa = XCBuildConfiguration;
			buildSettings = {
				ALWAYS_EMBED_SWIFT_STANDARD_LIBRARIES = YES;
				CODE_SIGN_STYLE = Automatic;
				CURRENT_PROJECT_VERSION = 1;
				GENERATE_INFOPLIST_FILE = YES;
				MARKETING_VERSION = 1.0;
				PRODUCT_BUNDLE_IDENTIFIER = linga.iOSAssignmentUITests;
				PRODUCT_NAME = "$(TARGET_NAME)";
				SWIFT_EMIT_LOC_STRINGS = NO;
				SWIFT_VERSION = 5.0;
				TARGETED_DEVICE_FAMILY = "1,2";
				TEST_TARGET_NAME = iOSAssignment;
			};
			name = Release;
		};
/* End XCBuildConfiguration section */

/* Begin XCConfigurationList section */
		BEB1AB2D2E65BEBE00A9BB87 /* Build configuration list for PBXProject "iOSAssignment" */ = {
			isa = XCConfigurationList;
			buildConfigurations = (
				BEB1AB5A2E65BEC100A9BB87 /* Debug */,
				BEB1AB5B2E65BEC100A9BB87 /* Release */,
			);
			defaultConfigurationIsVisible = 0;
			defaultConfigurationName = Release;
		};
		BEB1AB5C2E65BEC100A9BB87 /* Build configuration list for PBXNativeTarget "iOSAssignment" */ = {
			isa = XCConfigurationList;
			buildConfigurations = (
				BEB1AB5D2E65BEC100A9BB87 /* Debug */,
				BEB1AB5E2E65BEC100A9BB87 /* Release */,
			);
			defaultConfigurationIsVisible = 0;
			defaultConfigurationName = Release;
		};
		BEB1AB5F2E65BEC100A9BB87 /* Build configuration list for PBXNativeTarget "iOSAssignmentTests" */ = {
			isa = XCConfigurationList;
			buildConfigurations = (
				BEB1AB602E65BEC100A9BB87 /* Debug */,
				BEB1AB612E65BEC100A9BB87 /* Release */,
			);
			defaultConfigurationIsVisible = 0;
			defaultConfigurationName = Release;
		};
		BEB1AB622E65BEC100A9BB87 /* Build configuration list for PBXNativeTarget "iOSAssignmentUITests" */ = {
			isa = XCConfigurationList;
			buildConfigurations = (
				BEB1AB632E65BEC100A9BB87 /* Debug */,
				BEB1AB642E65BEC100A9BB87 /* Release */,
			);
			defaultConfigurationIsVisible = 0;
			defaultConfigurationName = Release;
		};
/* End XCConfigurationList section */
	};
	rootObject = BEB1AB2A2E65BEBE00A9BB87 /* Project object */;
}
